
Microsoft Visual Studio Solution File, Format Version 12.00
# Visual Studio Version 17
VisualStudioVersion = 17.0.32112.339
MinimumVisualStudioVersion = 10.0.40219.1
Project("{FAE04EC0-301F-11D3-BF4B-00C04F79EFBC}") = "ByteBank.SistemaAgencia", "ByteBank.SistemaAgencia\ByteBank.SistemaAgencia.csproj", "{CAB25DBC-BDF0-48D4-8CE4-E1B73877F656}"
EndProject
Project("{9A19103F-16F7-4668-BE54-9A1E7A4F7556}") = "ByteBank.Models", "ByteBank.Models\ByteBank.Models.csproj", "{5E37E36B-77F7-4848-B898-7C99422C9A2C}"
EndProject
Global
	GlobalSection(SolutionConfigurationPlatforms) = preSolution
		Debug|Any CPU = Debug|Any CPU
		Release|Any CPU = Release|Any CPU
	EndGlobalSection
	GlobalSection(ProjectConfigurationPlatforms) = postSolution
		{CAB25DBC-BDF0-48D4-8CE4-E1B73877F656}.Debug|Any CPU.ActiveCfg = Debug|Any CPU
		{CAB25DBC-BDF0-48D4-8CE4-E1B73877F656}.Debug|Any CPU.Build.0 = Debug|Any CPU
		{CAB25DBC-BDF0-48D4-8CE4-E1B73877F656}.Release|Any CPU.ActiveCfg = Release|Any CPU
		{CAB25DBC-BDF0-48D4-8CE4-E1B73877F656}.Release|Any CPU.Build.0 = Release|Any CPU
		{5E37E36B-77F7-4848-B898-7C99422C9A2C}.Debug|Any CPU.ActiveCfg = Debug|Any CPU
		{5E37E36B-77F7-4848-B898-7C99422C9A2C}.Debug|Any CPU.Build.0 = Debug|Any CPU
		{5E37E36B-77F7-4848-B898-7C99422C9A2C}.Release|Any CPU.ActiveCfg = Release|Any CPU
		{5E37E36B-77F7-4848-B898-7C99422C9A2C}.Release|Any CPU.Build.0 = Release|Any CPU
	EndGlobalSection
	GlobalSection(SolutionProperties) = preSolution
		HideSolutionNode = FALSE
	EndGlobalSection
	GlobalSection(ExtensibilityGlobals) = postSolution
		SolutionGuid = {839A28DB-AB89-4FDF-B42B-F1B92D3B39D7}
	EndGlobalSection
EndGlobal
